{
  "name": "film",
  "version": "1.0.0",
  "lockfileVersion": 3,
  "requires": true,
  "packages": {
    "": {
      "name": "film",
      "version": "1.0.0",
      "license": "ISC",
      "dependencies": {
        "@fontsource/inter": "^5.1.1",
        "@fontsource/jetbrains-mono": "^5.1.1",
        "@fontsource/noto-sans-sc": "^5.1.1",
        "three": "^0.170.0"
      }
    },
    "node_modules/@fontsource/inter": {
      "version": "5.1.1",
      "resolved": "https://registry.npmjs.org/@fontsource/inter/-/inter-5.1.1.tgz",
      "integrity": "sha512-weN3E+rq0Xb3Z93VHJ+Rc7WOQX9ETJPTAJ+gDcaMHtjft67L58sfS65rAjC5tZUXQ2FdZ/V1/sSzCwZ6v05kJw==",
      "license": "OFL-1.1"
    },
    "node_modules/@fontsource/jetbrains-mono": {
      "version": "5.1.1",
      "resolved": "https://registry.npmjs.org/@fontsource/jetbrains-mono/-/jetbrains-mono-5.1.1.tgz",
      "integrity": "sha512-5rwvmdQQpXev4LlBX1P+7h2dguu6iwW/9Npjde4+DEq+HgpVJI/7QY8DI1NVVFdvLtXZNP+vO2L/5BQED6FUhA==",
      "license": "OFL-1.1"
    },
    "node_modules/@fontsource/noto-sans-sc": {
      "version": "5.1.1",
      "resolved": "https://registry.npmjs.org/@fontsource/noto-sans-sc/-/noto-sans-sc-5.1.1.tgz",
      "integrity": "sha512-v20RiW0Hp9qnHjLV5IAIwloL3IIKy2elMyMSeLuMzqyhYTCD2kHuRoe4w0aA+sd19IaWtdo2diHskIFL0Asfgw==",
      "license": "OFL-1.1"
    },
    "node_modules/three": {
      "version": "0.170.0",
      "resolved": "https://registry.npmjs.org/three/-/three-0.170.0.tgz",
      "integrity": "sha512-FQK+LEpYc0fBD+J8g6oSEyyNzjp+Q7Ks1C568WWaoMRLW+TkNNWmenWeGgJjV105Gd+p/2ql1ZcjYvNiPZBhuQ==",
      "license": "MIT"
    }
  }
}
